langcode: en
status: true
dependencies:
  config:
    - field.storage.user.field_academic_interest
    - field.storage.user.field_affiliated_departments
    - field.storage.user.field_display_name
    - field.storage.user.field_open_to_work_with
    - field.storage.user.field_research_units
    - flag.flag.profile_flag
  module:
    - eureka_contacted_faculty
    - flag
    - user
id: profile_flag_block
label: 'Profile Flag Block'
module: views
description: ''
tag: ''
base_table: users_field_data
base_field: uid
core: 8.x
display:
  default:
    display_plugin: default
    id: default
    display_title: Master
    position: 0
    display_options:
      access:
        type: perm
        options:
          perm: 'flag profile_flag'
      cache:
        type: tag
        options: {  }
      query:
        type: views_query
        options:
          disable_sql_rewrite: false
          distinct: false
          replica: false
          query_comment: ''
          query_tags: {  }
      exposed_form:
        type: basic
        options:
          submit_button: Apply
          reset_button: false
          reset_button_label: Reset
          exposed_sorts_label: 'Sort by'
          expose_sort_order: true
          sort_asc_label: Asc
          sort_desc_label: Desc
      pager:
        type: some
        options:
          items_per_page: 5
          offset: 0
      style:
        type: table
      row:
        type: fields
      fields:
        field_display_name:
          id: field_display_name
          table: user__field_display_name
          field: field_display_name
          relationship: none
          group_type: group
          admin_label: ''
          label: 'Faculty Member'
          exclude: false
          alter:
            alter_text: false
            text: ''
            make_link: false
            path: ''
            absolute: false
            external: false
            replace_spaces: false
            path_case: none
            trim_whitespace: false
            alt: ''
            rel: ''
            link_class: ''
            prefix: ''
            suffix: ''
            target: ''
            nl2br: false
            max_length: 0
            word_boundary: true
            ellipsis: true
            more_link: false
            more_link_text: ''
            more_link_path: ''
            strip_tags: false
            trim: false
            preserve_tags: ''
            html: false
          element_type: ''
          element_class: ''
          element_label_type: ''
          element_label_class: ''
          element_label_colon: true
          element_wrapper_type: ''
          element_wrapper_class: ''
          element_default_classes: true
          empty: ''
          hide_empty: false
          empty_zero: false
          hide_alter_empty: true
          click_sort_column: value
          type: string
          settings:
            link_to_entity: true
          group_column: value
          group_columns: {  }
          group_rows: true
          delta_limit: 0
          delta_offset: 0
          delta_reversed: false
          delta_first_last: false
          multi_type: separator
          separator: ', '
          field_api_classes: false
          plugin_id: field
        field_affiliated_departments:
          id: field_affiliated_departments
          table: user__field_affiliated_departments
          field: field_affiliated_departments
          relationship: none
          group_type: group
          admin_label: ''
          label: 'Affiliated Departments'
          exclude: false
          alter:
            alter_text: false
            text: ''
            make_link: false
            path: ''
            absolute: false
            external: false
            replace_spaces: false
            path_case: none
            trim_whitespace: false
            alt: ''
            rel: ''
            link_class: ''
            prefix: ''
            suffix: ''
            target: ''
            nl2br: false
            max_length: 0
            word_boundary: true
            ellipsis: true
            more_link: false
            more_link_text: ''
            more_link_path: ''
            strip_tags: false
            trim: false
            preserve_tags: ''
            html: false
          element_type: ''
          element_class: ''
          element_label_type: ''
          element_label_class: ''
          element_label_colon: true
          element_wrapper_type: ''
          element_wrapper_class: ''
          element_default_classes: true
          empty: ''
          hide_empty: false
          empty_zero: false
          hide_alter_empty: true
          click_sort_column: target_id
          type: entity_reference_label
          settings:
            link: true
          group_column: target_id
          group_columns: {  }
          group_rows: true
          delta_limit: 0
          delta_offset: 0
          delta_reversed: false
          delta_first_last: false
          multi_type: ul
          separator: ', '
          field_api_classes: false
          plugin_id: field
        field_research_units:
          id: field_research_units
          table: user__field_research_units
          field: field_research_units
          relationship: none
          group_type: group
          admin_label: ''
          label: 'Research Units'
          exclude: false
          alter:
            alter_text: false
            text: ''
            make_link: false
            path: ''
            absolute: false
            external: false
            replace_spaces: false
            path_case: none
            trim_whitespace: false
            alt: ''
            rel: ''
            link_class: ''
            prefix: ''
            suffix: ''
            target: ''
            nl2br: false
            max_length: 0
            word_boundary: true
            ellipsis: true
            more_link: false
            more_link_text: ''
            more_link_path: ''
            strip_tags: false
            trim: false
            preserve_tags: ''
            html: false
          element_type: ''
          element_class: ''
          element_label_type: ''
          element_label_class: ''
          element_label_colon: true
          element_wrapper_type: ''
          element_wrapper_class: ''
          element_default_classes: true
          empty: ''
          hide_empty: false
          empty_zero: false
          hide_alter_empty: true
          click_sort_column: target_id
          type: entity_reference_label
          settings:
            link: true
          group_column: target_id
          group_columns: {  }
          group_rows: true
          delta_limit: 0
          delta_offset: 0
          delta_reversed: false
          delta_first_last: false
          multi_type: ul
          separator: ', '
          field_api_classes: false
          plugin_id: field
        field_academic_interest:
          id: field_academic_interest
          table: user__field_academic_interest
          field: field_academic_interest
          relationship: none
          group_type: group
          admin_label: ''
          label: Regions
          exclude: false
          alter:
            alter_text: false
            text: ''
            make_link: false
            path: ''
            absolute: false
            external: false
            replace_spaces: false
            path_case: none
            trim_whitespace: false
            alt: ''
            rel: ''
            link_class: ''
            prefix: ''
            suffix: ''
            target: ''
            nl2br: false
            max_length: 0
            word_boundary: true
            ellipsis: true
            more_link: false
            more_link_text: ''
            more_link_path: ''
            strip_tags: false
            trim: false
            preserve_tags: ''
            html: false
          element_type: ''
          element_class: ''
          element_label_type: ''
          element_label_class: ''
          element_label_colon: true
          element_wrapper_type: ''
          element_wrapper_class: ''
          element_default_classes: true
          empty: ''
          hide_empty: false
          empty_zero: false
          hide_alter_empty: true
          click_sort_column: target_id
          type: entity_reference_label
          settings:
            link: true
          group_column: target_id
          group_columns: {  }
          group_rows: true
          delta_limit: 0
          delta_offset: 0
          delta_reversed: false
          delta_first_last: false
          multi_type: ul
          separator: ', '
          field_api_classes: false
          plugin_id: field
        field_open_to_work_with:
          id: field_open_to_work_with
          table: user__field_open_to_work_with
          field: field_open_to_work_with
          relationship: none
          group_type: group
          admin_label: ''
          label: 'Internship Info'
          exclude: false
          alter:
            alter_text: false
            text: ''
            make_link: false
            path: ''
            absolute: false
            external: false
            replace_spaces: false
            path_case: none
            trim_whitespace: false
            alt: ''
            rel: ''
            link_class: ''
            prefix: ''
            suffix: ''
            target: ''
            nl2br: false
            max_length: 0
            word_boundary: true
            ellipsis: true
            more_link: false
            more_link_text: ''
            more_link_path: ''
            strip_tags: false
            trim: false
            preserve_tags: ''
            html: false
          element_type: ''
          element_class: ''
          element_label_type: ''
          element_label_class: ''
          element_label_colon: true
          element_wrapper_type: ''
          element_wrapper_class: ''
          element_default_classes: true
          empty: ''
          hide_empty: false
          empty_zero: false
          hide_alter_empty: true
          click_sort_column: target_id
          type: entity_reference_label
          settings:
            link: true
          group_column: target_id
          group_columns: {  }
          group_rows: true
          delta_limit: 0
          delta_offset: 0
          delta_reversed: false
          delta_first_last: false
          multi_type: ul
          separator: ', '
          field_api_classes: false
          plugin_id: field
        created:
          id: created
          table: flagging
          field: created
          relationship: flag_relationship
          group_type: group
          admin_label: ''
          label: Bookmarked
          exclude: false
          alter:
            alter_text: false
            text: ''
            make_link: false
            path: ''
            absolute: false
            external: false
            replace_spaces: false
            path_case: none
            trim_whitespace: false
            alt: ''
            rel: ''
            link_class: ''
            prefix: ''
            suffix: ''
            target: ''
            nl2br: false
            max_length: 0
            word_boundary: true
            ellipsis: true
            more_link: false
            more_link_text: ''
            more_link_path: ''
            strip_tags: false
            trim: false
            preserve_tags: ''
            html: false
          element_type: ''
          element_class: ''
          element_label_type: ''
          element_label_class: ''
          element_label_colon: true
          element_wrapper_type: ''
          element_wrapper_class: ''
          element_default_classes: true
          empty: ''
          hide_empty: false
          empty_zero: false
          hide_alter_empty: true
          click_sort_column: value
          type: timestamp_ago
          settings:
            granularity: 2
          group_column: value
          group_columns: {  }
          group_rows: true
          delta_limit: 0
          delta_offset: 0
          delta_reversed: false
          delta_first_last: false
          multi_type: separator
          separator: ', '
          field_api_classes: false
          entity_type: flagging
          entity_field: created
          plugin_id: field
        link_flag:
          id: link_flag
          table: flagging
          field: link_flag
          relationship: flag_relationship
          group_type: group
          admin_label: ''
          label: Manage
          exclude: false
          alter:
            alter_text: false
            text: '<a href=''{{ link_flag }} '' class=''btn btn-danger''>Remove</a>'
            make_link: false
            path: ''
            absolute: false
            external: false
            replace_spaces: false
            path_case: none
            trim_whitespace: false
            alt: ''
            rel: ''
            link_class: ''
            prefix: ''
            suffix: ''
            target: ''
            nl2br: false
            max_length: 0
            word_boundary: true
            ellipsis: true
            more_link: false
            more_link_text: ''
            more_link_path: ''
            strip_tags: false
            trim: false
            preserve_tags: ''
            html: false
          element_type: ''
          element_class: 'btn btn-primary'
          element_label_type: ''
          element_label_class: ''
          element_label_colon: true
          element_wrapper_type: ''
          element_wrapper_class: ''
          element_default_classes: true
          empty: ''
          hide_empty: false
          empty_zero: false
          hide_alter_empty: true
          entity_type: flagging
          plugin_id: flag_link
        contacted_faculty:
          id: contacted_faculty
          table: flagging
          field: contacted_faculty
          relationship: flag_relationship
          group_type: group
          admin_label: ''
          label: 'Contacted Faculty'
          exclude: false
          alter:
            alter_text: false
            text: ''
            make_link: false
            path: ''
            absolute: false
            external: false
            replace_spaces: false
            path_case: none
            trim_whitespace: false
            alt: ''
            rel: ''
            link_class: ''
            prefix: ''
            suffix: ''
            target: ''
            nl2br: false
            max_length: 0
            word_boundary: true
            ellipsis: true
            more_link: false
            more_link_text: ''
            more_link_path: ''
            strip_tags: false
            trim: false
            preserve_tags: ''
            html: false
          element_type: ''
          element_class: ''
          element_label_type: ''
          element_label_class: ''
          element_label_colon: true
          element_wrapper_type: ''
          element_wrapper_class: ''
          element_default_classes: true
          empty: ''
          hide_empty: false
          empty_zero: false
          hide_alter_empty: true
          entity_type: flagging
          plugin_id: contacted_faculty
      filters:
        status:
          value: '1'
          table: users_field_data
          field: status
          plugin_id: boolean
          entity_type: user
          entity_field: status
          id: status
          expose:
            operator: ''
          group: 1
      sorts: {  }
      title: 'Bookmarked Profiles'
      header: {  }
      footer: {  }
      empty:
        title:
          id: title
          table: views
          field: title
          relationship: none
          group_type: group
          admin_label: ''
          empty: true
          title: 'No Bookmarked Profiles'
          plugin_id: title
      relationships:
        flag_relationship:
          id: flag_relationship
          table: users_field_data
          field: flag_relationship
          relationship: none
          group_type: group
          admin_label: Flags
          required: true
          flag: profile_flag
          user_scope: current
          entity_type: user
          plugin_id: flag_relationship
      arguments: {  }
      display_extenders: {  }
    cache_metadata:
      max-age: 0
      contexts:
        - 'languages:language_content'
        - 'languages:language_interface'
        - user.permissions
      tags:
        - 'config:field.storage.user.field_academic_interest'
        - 'config:field.storage.user.field_affiliated_departments'
        - 'config:field.storage.user.field_display_name'
        - 'config:field.storage.user.field_open_to_work_with'
        - 'config:field.storage.user.field_research_units'
  block_1:
    display_plugin: block
    id: block_1
    display_title: Block
    position: 1
    display_options:
      display_extenders: {  }
      block_description: 'Flagged Profiles'
      allow:
        items_per_page: false
    cache_metadata:
      max-age: 0
      contexts:
        - 'languages:language_content'
        - 'languages:language_interface'
        - user.permissions
      tags:
        - 'config:field.storage.user.field_academic_interest'
        - 'config:field.storage.user.field_affiliated_departments'
        - 'config:field.storage.user.field_display_name'
        - 'config:field.storage.user.field_open_to_work_with'
        - 'config:field.storage.user.field_research_units'
